// !$*UTF8*$!
{
	archiveVersion = 1;
	classes = {
	};
	objectVersion = 46;
	objects = {

/* Begin PBXBuildFile section */
		88B5B9651947866000159B24 /* Foundation.framework in Frameworks */ = {isa = PBXBuildFile; fileRef = 88B5B9641947866000159B24 /* Foundation.framework */; };
		88B5B9671947866000159B24 /* CoreGraphics.framework in Frameworks */ = {isa = PBXBuildFile; fileRef = 88B5B9661947866000159B24 /* CoreGraphics.framework */; };
		88B5B9691947866000159B24 /* UIKit.framework in Frameworks */ = {isa = PBXBuildFile; fileRef = 88B5B9681947866000159B24 /* UIKit.framework */; };
		88B5B96F1947866000159B24 /* InfoPlist.strings in Resources */ = {isa = PBXBuildFile; fileRef = 88B5B96D1947866000159B24 /* InfoPlist.strings */; };
		88B5B9711947866000159B24 /* main.m in Sources */ = {isa = PBXBuildFile; fileRef = 88B5B9701947866000159B24 /* main.m */; };
		88B5B9751947866000159B24 /* PTAppDelegate.m in Sources */ = {isa = PBXBuildFile; fileRef = 88B5B9741947866000159B24 /* PTAppDelegate.m */; };
		88B5B9781947866000159B24 /* Main.storyboard in Resources */ = {isa = PBXBuildFile; fileRef = 88B5B9761947866000159B24 /* Main.storyboard */; };
		88B5B97B1947866000159B24 /* PTViewController.m in Sources */ = {isa = PBXBuildFile; fileRef = 88B5B97A1947866000159B24 /* PTViewController.m */; };
		88B5B97D1947866000159B24 /* Images.xcassets in Resources */ = {isa = PBXBuildFile; fileRef = 88B5B97C1947866000159B24 /* Images.xcassets */; };
		88B5B9841947866000159B24 /* XCTest.framework in Frameworks */ = {isa = PBXBuildFile; fileRef = 88B5B9831947866000159B24 /* XCTest.framework */; };
		88B5B9851947866000159B24 /* Foundation.framework in Frameworks */ = {isa = PBXBuildFile; fileRef = 88B5B9641947866000159B24 /* Foundation.framework */; };
		88B5B9861947866000159B24 /* UIKit.framework in Frameworks */ = {isa = PBXBuildFile; fileRef = 88B5B9681947866000159B24 /* UIKit.framework */; };
		88B5B98E1947866000159B24 /* InfoPlist.strings in Resources */ = {isa = PBXBuildFile; fileRef = 88B5B98C1947866000159B24 /* InfoPlist.strings */; };
		88B5B9901947866000159B24 /* Pirates_TwoTests.m in Sources */ = {isa = PBXBuildFile; fileRef = 88B5B98F1947866000159B24 /* Pirates_TwoTests.m */; };
		88B5B99C19478D4300159B24 /* PTTile.m in Sources */ = {isa = PBXBuildFile; fileRef = 88B5B99B19478D4300159B24 /* PTTile.m */; };
		88B5B99F19478F8E00159B24 /* PTFactory.m in Sources */ = {isa = PBXBuildFile; fileRef = 88B5B99E19478F8E00159B24 /* PTFactory.m */; };
		88B5B9AC194796BD00159B24 /* PirateAttack.jpg in Resources */ = {isa = PBXBuildFile; fileRef = 88B5B9A0194796BD00159B24 /* PirateAttack.jpg */; };
		88B5B9AD194796BD00159B24 /* PirateBlacksmith.jpeg in Resources */ = {isa = PBXBuildFile; fileRef = 88B5B9A1194796BD00159B24 /* PirateBlacksmith.jpeg */; };
		88B5B9AE194796BD00159B24 /* PirateBoss.jpeg in Resources */ = {isa = PBXBuildFile; fileRef = 88B5B9A2194796BD00159B24 /* PirateBoss.jpeg */; };
		88B5B9AF194796BD00159B24 /* PirateFriendlyDock.jpg in Resources */ = {isa = PBXBuildFile; fileRef = 88B5B9A3194796BD00159B24 /* PirateFriendlyDock.jpg */; };
		88B5B9B0194796BD00159B24 /* PirateOctopusAttack.jpg in Resources */ = {isa = PBXBuildFile; fileRef = 88B5B9A4194796BD00159B24 /* PirateOctopusAttack.jpg */; };
		88B5B9B1194796BD00159B24 /* PirateParrot.jpg in Resources */ = {isa = PBXBuildFile; fileRef = 88B5B9A5194796BD00159B24 /* PirateParrot.jpg */; };
		88B5B9B2194796BD00159B24 /* PiratePlank.jpg in Resources */ = {isa = PBXBuildFile; fileRef = 88B5B9A6194796BD00159B24 /* PiratePlank.jpg */; };
		88B5B9B3194796BD00159B24 /* PirateShipBattle.jpeg in Resources */ = {isa = PBXBuildFile; fileRef = 88B5B9A7194796BD00159B24 /* PirateShipBattle.jpeg */; };
		88B5B9B4194796BD00159B24 /* PirateStart.jpg in Resources */ = {isa = PBXBuildFile; fileRef = 88B5B9A8194796BD00159B24 /* PirateStart.jpg */; };
		88B5B9B5194796BD00159B24 /* PirateTreasure.jpeg in Resources */ = {isa = PBXBuildFile; fileRef = 88B5B9A9194796BD00159B24 /* PirateTreasure.jpeg */; };
		88B5B9B6194796BD00159B24 /* PirateTreasurer2.jpeg in Resources */ = {isa = PBXBuildFile; fileRef = 88B5B9AA194796BD00159B24 /* PirateTreasurer2.jpeg */; };
		88B5B9B7194796BD00159B24 /* PirateWeapons.jpeg in Resources */ = {isa = PBXBuildFile; fileRef = 88B5B9AB194796BD00159B24 /* PirateWeapons.jpeg */; };
		88B5B9BA194799DB00159B24 /* PTWeapon.m in Sources */ = {isa = PBXBuildFile; fileRef = 88B5B9B9194799DB00159B24 /* PTWeapon.m */; };
		88B5B9BD19479A1300159B24 /* PTArmor.m in Sources */ = {isa = PBXBuildFile; fileRef = 88B5B9BC19479A1300159B24 /* PTArmor.m */; };
		88B5B9C019479A6400159B24 /* PTCharacter.m in Sources */ = {isa = PBXBuildFile; fileRef = 88B5B9BF19479A6400159B24 /* PTCharacter.m */; };
		88B5B9C31947AA4600159B24 /* PTBoss.m in Sources */ = {isa = PBXBuildFile; fileRef = 88B5B9C21947AA4600159B24 /* PTBoss.m */; };
/* End PBXBuildFile section */

/* Begin PBXContainerItemProxy section */
		88B5B9871947866000159B24 /* PBXContainerItemProxy */ = {
			isa = PBXContainerItemProxy;
			containerPortal = 88B5B9591947866000159B24 /* Project object */;
			proxyType = 1;
			remoteGlobalIDString = 88B5B9601947866000159B24;
			remoteInfo = "Pirates Two";
		};
/* End PBXContainerItemProxy section */

/* Begin PBXFileReference section */
		88B5B9611947866000159B24 /* Pirates Two.app */ = {isa = PBXFileReference; explicitFileType = wrapper.application; includeInIndex = 0; path = "Pirates Two.app"; sourceTree = BUILT_PRODUCTS_DIR; };
		88B5B9641947866000159B24 /* Foundation.framework */ = {isa = PBXFileReference; lastKnownFileType = wrapper.framework; name = Foundation.framework; path = System/Library/Frameworks/Foundation.framework; sourceTree = SDKROOT; };
		88B5B9661947866000159B24 /* CoreGraphics.framework */ = {isa = PBXFileReference; lastKnownFileType = wrapper.framework; name = CoreGraphics.framework; path = System/Library/Frameworks/CoreGraphics.framework; sourceTree = SDKROOT; };
		88B5B9681947866000159B24 /* UIKit.framework */ = {isa = PBXFileReference; lastKnownFileType = wrapper.framework; name = UIKit.framework; path = System/Library/Frameworks/UIKit.framework; sourceTree = SDKROOT; };
		88B5B96C1947866000159B24 /* Pirates Two-Info.plist */ = {isa = PBXFileReference; lastKnownFileType = text.plist.xml; path = "Pirates Two-Info.plist"; sourceTree = "<group>"; };
		88B5B96E1947866000159B24 /* en */ = {isa = PBXFileReference; lastKnownFileType = text.plist.strings; name = en; path = en.lproj/InfoPlist.strings; sourceTree = "<group>"; };
		88B5B9701947866000159B24 /* main.m */ = {isa = PBXFileReference; lastKnownFileType = sourcecode.c.objc; path = main.m; sourceTree = "<group>"; };
		88B5B9721947866000159B24 /* Pirates Two-Prefix.pch */ = {isa = PBXFileReference; lastKnownFileType = sourcecode.c.h; path = "Pirates Two-Prefix.pch"; sourceTree = "<group>"; };
		88B5B9731947866000159B24 /* PTAppDelegate.h */ = {isa = PBXFileReference; lastKnownFileType = sourcecode.c.h; path = PTAppDelegate.h; sourceTree = "<group>"; };
		88B5B9741947866000159B24 /* PTAppDelegate.m */ = {isa = PBXFileReference; lastKnownFileType = sourcecode.c.objc; path = PTAppDelegate.m; sourceTree = "<group>"; };
		88B5B9771947866000159B24 /* Base */ = {isa = PBXFileReference; lastKnownFileType = file.storyboard; name = Base; path = Base.lproj/Main.storyboard; sourceTree = "<group>"; };
		88B5B9791947866000159B24 /* PTViewController.h */ = {isa = PBXFileReference; lastKnownFileType = sourcecode.c.h; path = PTViewController.h; sourceTree = "<group>"; };
		88B5B97A1947866000159B24 /* PTViewController.m */ = {isa = PBXFileReference; lastKnownFileType = sourcecode.c.objc; path = PTViewController.m; sourceTree = "<group>"; };
		88B5B97C1947866000159B24 /* Images.xcassets */ = {isa = PBXFileReference; lastKnownFileType = folder.assetcatalog; path = Images.xcassets; sourceTree = "<group>"; };
		88B5B9821947866000159B24 /* Pirates TwoTests.xctest */ = {isa = PBXFileReference; explicitFileType = wrapper.cfbundle; includeInIndex = 0; path = "Pirates TwoTests.xctest"; sourceTree = BUILT_PRODUCTS_DIR; };
		88B5B9831947866000159B24 /* XCTest.framework */ = {isa = PBXFileReference; lastKnownFileType = wrapper.framework; name = XCTest.framework; path = Library/Frameworks/XCTest.framework; sourceTree = DEVELOPER_DIR; };
		88B5B98B1947866000159B24 /* Pirates TwoTests-Info.plist */ = {isa = PBXFileReference; lastKnownFileType = text.plist.xml; path = "Pirates TwoTests-Info.plist"; sourceTree = "<group>"; };
		88B5B98D1947866000159B24 /* en */ = {isa = PBXFileReference; lastKnownFileType = text.plist.strings; name = en; path = en.lproj/InfoPlist.strings; sourceTree = "<group>"; };
		88B5B98F1947866000159B24 /* Pirates_TwoTests.m */ = {isa = PBXFileReference; lastKnownFileType = sourcecode.c.objc; path = Pirates_TwoTests.m; sourceTree = "<group>"; };
		88B5B99A19478D4300159B24 /* PTTile.h */ = {isa = PBXFileReference; fileEncoding = 4; lastKnownFileType = sourcecode.c.h; path = PTTile.h; sourceTree = "<group>"; };
		88B5B99B19478D4300159B24 /* PTTile.m */ = {isa = PBXFileReference; fileEncoding = 4; lastKnownFileType = sourcecode.c.objc; path = PTTile.m; sourceTree = "<group>"; };
		88B5B99D19478F8E00159B24 /* PTFactory.h */ = {isa = PBXFileReference; fileEncoding = 4; lastKnownFileType = sourcecode.c.h; path = PTFactory.h; sourceTree = "<group>"; };
		88B5B99E19478F8E00159B24 /* PTFactory.m */ = {isa = PBXFileReference; fileEncoding = 4; lastKnownFileType = sourcecode.c.objc; path = PTFactory.m; sourceTree = "<group>"; };
		88B5B9A0194796BD00159B24 /* PirateAttack.jpg */ = {isa = PBXFileReference; lastKnownFileType = image.jpeg; path = PirateAttack.jpg; sourceTree = "<group>"; };
		88B5B9A1194796BD00159B24 /* PirateBlacksmith.jpeg */ = {isa = PBXFileReference; lastKnownFileType = image.jpeg; path = PirateBlacksmith.jpeg; sourceTree = "<group>"; };
		88B5B9A2194796BD00159B24 /* PirateBoss.jpeg */ = {isa = PBXFileReference; lastKnownFileType = image.jpeg; path = PirateBoss.jpeg; sourceTree = "<group>"; };
		88B5B9A3194796BD00159B24 /* PirateFriendlyDock.jpg */ = {isa = PBXFileReference; lastKnownFileType = image.jpeg; path = PirateFriendlyDock.jpg; sourceTree = "<group>"; };
		88B5B9A4194796BD00159B24 /* PirateOctopusAttack.jpg */ = {isa = PBXFileReference; lastKnownFileType = image.jpeg; path = PirateOctopusAttack.jpg; sourceTree = "<group>"; };
		88B5B9A5194796BD00159B24 /* PirateParrot.jpg */ = {isa = PBXFileReference; lastKnownFileType = image.jpeg; path = PirateParrot.jpg; sourceTree = "<group>"; };
		88B5B9A6194796BD00159B24 /* PiratePlank.jpg */ = {isa = PBXFileReference; lastKnownFileType = image.jpeg; path = PiratePlank.jpg; sourceTree = "<group>"; };
		88B5B9A7194796BD00159B24 /* PirateShipBattle.jpeg */ = {isa = PBXFileReference; lastKnownFileType = image.jpeg; path = PirateShipBattle.jpeg; sourceTree = "<group>"; };
		88B5B9A8194796BD00159B24 /* PirateStart.jpg */ = {isa = PBXFileReference; lastKnownFileType = image.jpeg; path = PirateStart.jpg; sourceTree = "<group>"; };
		88B5B9A9194796BD00159B24 /* PirateTreasure.jpeg */ = {isa = PBXFileReference; lastKnownFileType = image.jpeg; path = PirateTreasure.jpeg; sourceTree = "<group>"; };
		88B5B9AA194796BD00159B24 /* PirateTreasurer2.jpeg */ = {isa = PBXFileReference; lastKnownFileType = image.jpeg; path = PirateTreasurer2.jpeg; sourceTree = "<group>"; };
		88B5B9AB194796BD00159B24 /* PirateWeapons.jpeg */ = {isa = PBXFileReference; lastKnownFileType = image.jpeg; path = PirateWeapons.jpeg; sourceTree = "<group>"; };
		88B5B9B8194799DB00159B24 /* PTWeapon.h */ = {isa = PBXFileReference; fileEncoding = 4; lastKnownFileType = sourcecode.c.h; path = PTWeapon.h; sourceTree = "<group>"; };
		88B5B9B9194799DB00159B24 /* PTWeapon.m */ = {isa = PBXFileReference; fileEncoding = 4; lastKnownFileType = sourcecode.c.objc; path = PTWeapon.m; sourceTree = "<group>"; };
		88B5B9BB19479A1300159B24 /* PTArmor.h */ = {isa = PBXFileReference; fileEncoding = 4; lastKnownFileType = sourcecode.c.h; path = PTArmor.h; sourceTree = "<group>"; };
		88B5B9BC19479A1300159B24 /* PTArmor.m */ = {isa = PBXFileReference; fileEncoding = 4; lastKnownFileType = sourcecode.c.objc; path = PTArmor.m; sourceTree = "<group>"; };
		88B5B9BE19479A6400159B24 /* PTCharacter.h */ = {isa = PBXFileReference; fileEncoding = 4; lastKnownFileType = sourcecode.c.h; path = PTCharacter.h; sourceTree = "<group>"; };
		88B5B9BF19479A6400159B24 /* PTCharacter.m */ = {isa = PBXFileReference; fileEncoding = 4; lastKnownFileType = sourcecode.c.objc; path = PTCharacter.m; sourceTree = "<group>"; };
		88B5B9C11947AA4600159B24 /* PTBoss.h */ = {isa = PBXFileReference; fileEncoding = 4; lastKnownFileType = sourcecode.c.h; path = PTBoss.h; sourceTree = "<group>"; };
		88B5B9C21947AA4600159B24 /* PTBoss.m */ = {isa = PBXFileReference; fileEncoding = 4; lastKnownFileType = sourcecode.c.objc; path = PTBoss.m; sourceTree = "<group>"; };
/* End PBXFileReference section */

/* Begin PBXFrameworksBuildPhase section */
		88B5B95E1947866000159B24 /* Frameworks */ = {
			isa = PBXFrameworksBuildPhase;
			buildActionMask = 2147483647;
			files = (
				88B5B9671947866000159B24 /* CoreGraphics.framework in Frameworks */,
				88B5B9691947866000159B24 /* UIKit.framework in Frameworks */,
				88B5B9651947866000159B24 /* Foundation.framework in Frameworks */,
			);
			runOnlyForDeploymentPostprocessing = 0;
		};
		88B5B97F1947866000159B24 /* Frameworks */ = {
			isa = PBXFrameworksBuildPhase;
			buildActionMask = 2147483647;
			files = (
				88B5B9841947866000159B24 /* XCTest.framework in Frameworks */,
				88B5B9861947866000159B24 /* UIKit.framework in Frameworks */,
				88B5B9851947866000159B24 /* Foundation.framework in Frameworks */,
			);
			runOnlyForDeploymentPostprocessing = 0;
		};
/* End PBXFrameworksBuildPhase section */

/* Begin PBXGroup section */
		88B5B9581947866000159B24 = {
			isa = PBXGroup;
			children = (
				88B5B96A1947866000159B24 /* Pirates Two */,
				88B5B9891947866000159B24 /* Pirates TwoTests */,
				88B5B9631947866000159B24 /* Frameworks */,
				88B5B9621947866000159B24 /* Products */,
			);
			sourceTree = "<group>";
		};
		88B5B9621947866000159B24 /* Products */ = {
			isa = PBXGroup;
			children = (
				88B5B9611947866000159B24 /* Pirates Two.app */,
				88B5B9821947866000159B24 /* Pirates TwoTests.xctest */,
			);
			name = Products;
			sourceTree = "<group>";
		};
		88B5B9631947866000159B24 /* Frameworks */ = {
			isa = PBXGroup;
			children = (
				88B5B9641947866000159B24 /* Foundation.framework */,
				88B5B9661947866000159B24 /* CoreGraphics.framework */,
				88B5B9681947866000159B24 /* UIKit.framework */,
				88B5B9831947866000159B24 /* XCTest.framework */,
			);
			name = Frameworks;
			sourceTree = "<group>";
		};
		88B5B96A1947866000159B24 /* Pirates Two */ = {
			isa = PBXGroup;
			children = (
				88B5B99919478D2700159B24 /* Models */,
				88B5B9731947866000159B24 /* PTAppDelegate.h */,
				88B5B9741947866000159B24 /* PTAppDelegate.m */,
				88B5B9761947866000159B24 /* Main.storyboard */,
				88B5B9791947866000159B24 /* PTViewController.h */,
				88B5B97A1947866000159B24 /* PTViewController.m */,
				88B5B97C1947866000159B24 /* Images.xcassets */,
				88B5B96B1947866000159B24 /* Supporting Files */,
			);
			path = "Pirates Two";
			sourceTree = "<group>";
		};
		88B5B96B1947866000159B24 /* Supporting Files */ = {
			isa = PBXGroup;
			children = (
				88B5B9A0194796BD00159B24 /* PirateAttack.jpg */,
				88B5B9A1194796BD00159B24 /* PirateBlacksmith.jpeg */,
				88B5B9A2194796BD00159B24 /* PirateBoss.jpeg */,
				88B5B9A3194796BD00159B24 /* PirateFriendlyDock.jpg */,
				88B5B9A4194796BD00159B24 /* PirateOctopusAttack.jpg */,
				88B5B9A5194796BD00159B24 /* PirateParrot.jpg */,
				88B5B9A6194796BD00159B24 /* PiratePlank.jpg */,
				88B5B9A7194796BD00159B24 /* PirateShipBattle.jpeg */,
				88B5B9A8194796BD00159B24 /* PirateStart.jpg */,
				88B5B9A9194796BD00159B24 /* PirateTreasure.jpeg */,
				88B5B9AA194796BD00159B24 /* PirateTreasurer2.jpeg */,
				88B5B9AB194796BD00159B24 /* PirateWeapons.jpeg */,
				88B5B96C1947866000159B24 /* Pirates Two-Info.plist */,
				88B5B96D1947866000159B24 /* InfoPlist.strings */,
				88B5B9701947866000159B24 /* main.m */,
				88B5B9721947866000159B24 /* Pirates Two-Prefix.pch */,
			);
			name = "Supporting Files";
			sourceTree = "<group>";
		};
		88B5B9891947866000159B24 /* Pirates TwoTests */ = {
			isa = PBXGroup;
			children = (
				88B5B98F1947866000159B24 /* Pirates_TwoTests.m */,
				88B5B98A1947866000159B24 /* Supporting Files */,
			);
			path = "Pirates TwoTests";
			sourceTree = "<group>";
		};
		88B5B98A1947866000159B24 /* Supporting Files */ = {
			isa = PBXGroup;
			children = (
				88B5B98B1947866000159B24 /* Pirates TwoTests-Info.plist */,
				88B5B98C1947866000159B24 /* InfoPlist.strings */,
			);
			name = "Supporting Files";
			sourceTree = "<group>";
		};
		88B5B99919478D2700159B24 /* Models */ = {
			isa = PBXGroup;
			children = (
				88B5B99A19478D4300159B24 /* PTTile.h */,
				88B5B99B19478D4300159B24 /* PTTile.m */,
				88B5B99D19478F8E00159B24 /* PTFactory.h */,
				88B5B99E19478F8E00159B24 /* PTFactory.m */,
				88B5B9B8194799DB00159B24 /* PTWeapon.h */,
				88B5B9B9194799DB00159B24 /* PTWeapon.m */,
				88B5B9BB19479A1300159B24 /* PTArmor.h */,
				88B5B9BE19479A6400159B24 /* PTCharacter.h */,
				88B5B9BF19479A6400159B24 /* PTCharacter.m */,
				88B5B9BC19479A1300159B24 /* PTArmor.m */,
				88B5B9C11947AA4600159B24 /* PTBoss.h */,
				88B5B9C21947AA4600159B24 /* PTBoss.m */,
			);
			name = Models;
			sourceTree = "<group>";
		};
/* End PBXGroup section */

/* Begin PBXNativeTarget section */
		88B5B9601947866000159B24 /* Pirates Two */ = {
			isa = PBXNativeTarget;
			buildConfigurationList = 88B5B9931947866000159B24 /* Build configuration list for PBXNativeTarget "Pirates Two" */;
			buildPhases = (
				88B5B95D1947866000159B24 /* Sources */,
				88B5B95E1947866000159B24 /* Frameworks */,
				88B5B95F1947866000159B24 /* Resources */,
			);
			buildRules = (
			);
			dependencies = (
			);
			name = "Pirates Two";
			productName = "Pirates Two";
			productReference = 88B5B9611947866000159B24 /* Pirates Two.app */;
			productType = "com.apple.product-type.application";
		};
		88B5B9811947866000159B24 /* Pirates TwoTests */ = {
			isa = PBXNativeTarget;
			buildConfigurationList = 88B5B9961947866000159B24 /* Build configuration list for PBXNativeTarget "Pirates TwoTests" */;
			buildPhases = (
				88B5B97E1947866000159B24 /* Sources */,
				88B5B97F1947866000159B24 /* Frameworks */,
				88B5B9801947866000159B24 /* Resources */,
			);
			buildRules = (
			);
			dependencies = (
				88B5B9881947866000159B24 /* PBXTargetDependency */,
			);
			name = "Pirates TwoTests";
			productName = "Pirates TwoTests";
			productReference = 88B5B9821947866000159B24 /* Pirates TwoTests.xctest */;
			productType = "com.apple.product-type.bundle.unit-test";
		};
/* End PBXNativeTarget section */

/* Begin PBXProject section */
		88B5B9591947866000159B24 /* Project object */ = {
			isa = PBXProject;
			attributes = {
				CLASSPREFIX = PT;
				LastUpgradeCheck = 0510;
				ORGANIZATIONNAME = "Eddie Lepper";
				TargetAttributes = {
					88B5B9811947866000159B24 = {
						TestTargetID = 88B5B9601947866000159B24;
					};
				};
			};
			buildConfigurationList = 88B5B95C1947866000159B24 /* Build configuration list for PBXProject "Pirates Two" */;
			compatibilityVersion = "Xcode 3.2";
			developmentRegion = English;
			hasScannedForEncodings = 0;
			knownRegions = (
				en,
				Base,
			);
			mainGroup = 88B5B9581947866000159B24;
			productRefGroup = 88B5B9621947866000159B24 /* Products */;
			projectDirPath = "";
			projectRoot = "";
			targets = (
				88B5B9601947866000159B24 /* Pirates Two */,
				88B5B9811947866000159B24 /* Pirates TwoTests */,
			);
		};
/* End PBXProject section */

/* Begin PBXResourcesBuildPhase section */
		88B5B95F1947866000159B24 /* Resources */ = {
			isa = PBXResourcesBuildPhase;
			buildActionMask = 2147483647;
			files = (
				88B5B9B0194796BD00159B24 /* PirateOctopusAttack.jpg in Resources */,
				88B5B9B7194796BD00159B24 /* PirateWeapons.jpeg in Resources */,
				88B5B9B2194796BD00159B24 /* PiratePlank.jpg in Resources */,
				88B5B9B5194796BD00159B24 /* PirateTreasure.jpeg in Resources */,
				88B5B9AF194796BD00159B24 /* PirateFriendlyDock.jpg in Resources */,
				88B5B9AC194796BD00159B24 /* PirateAttack.jpg in Resources */,
				88B5B97D1947866000159B24 /* Images.xcassets in Resources */,
				88B5B96F1947866000159B24 /* InfoPlist.strings in Resources */,
				88B5B9781947866000159B24 /* Main.storyboard in Resources */,
				88B5B9B3194796BD00159B24 /* PirateShipBattle.jpeg in Resources */,
				88B5B9B6194796BD00159B24 /* PirateTreasurer2.jpeg in Resources */,
				88B5B9AD194796BD00159B24 /* PirateBlacksmith.jpeg in Resources */,
				88B5B9B4194796BD00159B24 /* PirateStart.jpg in Resources */,
				88B5B9AE194796BD00159B24 /* PirateBoss.jpeg in Resources */,
				88B5B9B1194796BD00159B24 /* PirateParrot.jpg in Resources */,
			);
			runOnlyForDeploymentPostprocessing = 0;
		};
		88B5B9801947866000159B24 /* Resources */ = {
			isa = PBXResourcesBuildPhase;
			buildActionMask = 2147483647;
			files = (
				88B5B98E1947866000159B24 /* InfoPlist.strings in Resources */,
			);
			runOnlyForDeploymentPostprocessing = 0;
		};
/* End PBXResourcesBuildPhase section */

/* Begin PBXSourcesBuildPhase section */
		88B5B95D1947866000159B24 /* Sources */ = {
			isa = PBXSourcesBuildPhase;
			buildActionMask = 2147483647;
			files = (
				88B5B9BD19479A1300159B24 /* PTArmor.m in Sources */,
				88B5B9C019479A6400159B24 /* PTCharacter.m in Sources */,
				88B5B9751947866000159B24 /* PTAppDelegate.m in Sources */,
				88B5B9BA194799DB00159B24 /* PTWeapon.m in Sources */,
				88B5B99C19478D4300159B24 /* PTTile.m in Sources */,
				88B5B97B1947866000159B24 /* PTViewController.m in Sources */,
				88B5B9711947866000159B24 /* main.m in Sources */,
				88B5B99F19478F8E00159B24 /* PTFactory.m in Sources */,
				88B5B9C31947AA4600159B24 /* PTBoss.m in Sources */,
			);
			runOnlyForDeploymentPostprocessing = 0;
		};
		88B5B97E1947866000159B24 /* Sources */ = {
			isa = PBXSourcesBuildPhase;
			buildActionMask = 2147483647;
			files = (
				88B5B9901947866000159B24 /* Pirates_TwoTests.m in Sources */,
			);
			runOnlyForDeploymentPostprocessing = 0;
		};
/* End PBXSourcesBuildPhase section */

/* Begin PBXTargetDependency section */
		88B5B9881947866000159B24 /* PBXTargetDependency */ = {
			isa = PBXTargetDependency;
			target = 88B5B9601947866000159B24 /* Pirates Two */;
			targetProxy = 88B5B9871947866000159B24 /* PBXContainerItemProxy */;
		};
/* End PBXTargetDependency section */

/* Begin PBXVariantGroup section */
		88B5B96D1947866000159B24 /* InfoPlist.strings */ = {
			isa = PBXVariantGroup;
			children = (
				88B5B96E1947866000159B24 /* en */,
			);
			name = InfoPlist.strings;
			sourceTree = "<group>";
		};
		88B5B9761947866000159B24 /* Main.storyboard */ = {
			isa = PBXVariantGroup;
			children = (
				88B5B9771947866000159B24 /* Base */,
			);
			name = Main.storyboard;
			sourceTree = "<group>";
		};
		88B5B98C1947866000159B24 /* InfoPlist.strings */ = {
			isa = PBXVariantGroup;
			children = (
				88B5B98D1947866000159B24 /* en */,
			);
			name = InfoPlist.strings;
			sourceTree = "<group>";
		};
/* End PBXVariantGroup section */

/* Begin XCBuildConfiguration section */
		88B5B9911947866000159B24 /* Debug */ = {
			isa = XCBuildConfiguration;
			buildSettings = {
				ALWAYS_SEARCH_USER_PATHS = NO;
				CLANG_CXX_LANGUAGE_STANDARD = "gnu++0x";
				CLANG_CXX_LIBRARY = "libc++";
				CLANG_ENABLE_MODULES = YES;
				CLANG_ENABLE_OBJC_ARC = YES;
				CLANG_WARN_BOOL_CONVERSION = YES;
				CLANG_WARN_CONSTANT_CONVERSION = YES;
				CLANG_WARN_DIRECT_OBJC_ISA_USAGE = YES_ERROR;
				CLANG_WARN_EMPTY_BODY = YES;
				CLANG_WARN_ENUM_CONVERSION = YES;
				CLANG_WARN_INT_CONVERSION = YES;
				CLANG_WARN_OBJC_ROOT_CLASS = YES_ERROR;
				CLANG_WARN__DUPLICATE_METHOD_MATCH = YES;
				"CODE_SIGN_IDENTITY[sdk=iphoneos*]" = "iPhone Developer";
				COPY_PHASE_STRIP = NO;
				GCC_C_LANGUAGE_STANDARD = gnu99;
				GCC_DYNAMIC_NO_PIC = NO;
				GCC_OPTIMIZATION_LEVEL = 0;
				GCC_PREPROCESSOR_DEFINITIONS = (
					"DEBUG=1",
					"$(inherited)",
				);
				GCC_SYMBOLS_PRIVATE_EXTERN = NO;
				GCC_WARN_64_TO_32_BIT_CONVERSION = YES;
				GCC_WARN_ABOUT_RETURN_TYPE = YES_ERROR;
				GCC_WARN_UNDECLARED_SELECTOR = YES;
				GCC_WARN_UNINITIALIZED_AUTOS = YES_AGGRESSIVE;
				GCC_WARN_UNUSED_FUNCTION = YES;
				GCC_WARN_UNUSED_VARIABLE = YES;
				IPHONEOS_DEPLOYMENT_TARGET = 7.1;
				ONLY_ACTIVE_ARCH = YES;
				SDKROOT = iphoneos;
			};
			name = Debug;
		};
		88B5B9921947866000159B24 /* Release */ = {
			isa = XCBuildConfiguration;
			buildSettings = {
				ALWAYS_SEARCH_USER_PATHS = NO;
				CLANG_CXX_LANGUAGE_STANDARD = "gnu++0x";
				CLANG_CXX_LIBRARY = "libc++";
				CLANG_ENABLE_MODULES = YES;
				CLANG_ENABLE_OBJC_ARC = YES;
				CLANG_WARN_BOOL_CONVERSION = YES;
				CLANG_WARN_CONSTANT_CONVERSION = YES;
				CLANG_WARN_DIRECT_OBJC_ISA_USAGE = YES_ERROR;
				CLANG_WARN_EMPTY_BODY = YES;
				CLANG_WARN_ENUM_CONVERSION = YES;
				CLANG_WARN_INT_CONVERSION = YES;
				CLANG_WARN_OBJC_ROOT_CLASS = YES_ERROR;
				CLANG_WARN__DUPLICATE_METHOD_MATCH = YES;
				"CODE_SIGN_IDENTITY[sdk=iphoneos*]" = "iPhone Developer";
				COPY_PHASE_STRIP = YES;
				ENABLE_NS_ASSERTIONS = NO;
				GCC_C_LANGUAGE_STANDARD = gnu99;
				GCC_WARN_64_TO_32_BIT_CONVERSION = YES;
				GCC_WARN_ABOUT_RETURN_TYPE = YES_ERROR;
				GCC_WARN_UNDECLARED_SELECTOR = YES;
				GCC_WARN_UNINITIALIZED_AUTOS = YES_AGGRESSIVE;
				GCC_WARN_UNUSED_FUNCTION = YES;
				GCC_WARN_UNUSED_VARIABLE = YES;
				IPHONEOS_DEPLOYMENT_TARGET = 7.1;
				SDKROOT = iphoneos;
				VALIDATE_PRODUCT = YES;
			};
			name = Release;
		};
		88B5B9941947866000159B24 /* Debug */ = {
			isa = XCBuildConfiguration;
			buildSettings = {
				ASSETCATALOG_COMPILER_APPICON_NAME = AppIcon;
				ASSETCATALOG_COMPILER_LAUNCHIMAGE_NAME = LaunchImage;
				GCC_PRECOMPILE_PREFIX_HEADER = YES;
				GCC_PREFIX_HEADER = "Pirates Two/Pirates Two-Prefix.pch";
				INFOPLIST_FILE = "Pirates Two/Pirates Two-Info.plist";
				PRODUCT_NAME = "$(TARGET_NAME)";
				WRAPPER_EXTENSION = app;
			};
			name = Debug;
		};
		88B5B9951947866000159B24 /* Release */ = {
			isa = XCBuildConfiguration;
			buildSettings = {
				ASSETCATALOG_COMPILER_APPICON_NAME = AppIcon;
				ASSETCATALOG_COMPILER_LAUNCHIMAGE_NAME = LaunchImage;
				GCC_PRECOMPILE_PREFIX_HEADER = YES;
				GCC_PREFIX_HEADER = "Pirates Two/Pirates Two-Prefix.pch";
				INFOPLIST_FILE = "Pirates Two/Pirates Two-Info.plist";
				PRODUCT_NAME = "$(TARGET_NAME)";
				WRAPPER_EXTENSION = app;
			};
			name = Release;
		};
		88B5B9971947866000159B24 /* Debug */ = {
			isa = XCBuildConfiguration;
			buildSettings = {
				BUNDLE_LOADER = "$(BUILT_PRODUCTS_DIR)/Pirates Two.app/Pirates Two";
				FRAMEWORK_SEARCH_PATHS = (
					"$(SDKROOT)/Developer/Library/Frameworks",
					"$(inherited)",
					"$(DEVELOPER_FRAMEWORKS_DIR)",
				);
				GCC_PRECOMPILE_PREFIX_HEADER = YES;
				GCC_PREFIX_HEADER = "Pirates Two/Pirates Two-Prefix.pch";
				GCC_PREPROCESSOR_DEFINITIONS = (
					"DEBUG=1",
					"$(inherited)",
				);
				INFOPLIST_FILE = "Pirates TwoTests/Pirates TwoTests-Info.plist";
				PRODUCT_NAME = "$(TARGET_NAME)";
				TEST_HOST = "$(BUNDLE_LOADER)";
				WRAPPER_EXTENSION = xctest;
			};
			name = Debug;
		};
		88B5B9981947866000159B24 /* Release */ = {
			isa = XCBuildConfiguration;
			buildSettings = {
				BUNDLE_LOADER = "$(BUILT_PRODUCTS_DIR)/Pirates Two.app/Pirates Two";
				FRAMEWORK_SEARCH_PATHS = (
					"$(SDKROOT)/Developer/Library/Frameworks",
					"$(inherited)",
					"$(DEVELOPER_FRAMEWORKS_DIR)",
				);
				GCC_PRECOMPILE_PREFIX_HEADER = YES;
				GCC_PREFIX_HEADER = "Pirates Two/Pirates Two-Prefix.pch";
				INFOPLIST_FILE = "Pirates TwoTests/Pirates TwoTests-Info.plist";
				PRODUCT_NAME = "$(TARGET_NAME)";
				TEST_HOST = "$(BUNDLE_LOADER)";
				WRAPPER_EXTENSION = xctest;
			};
			name = Release;
		};
/* End XCBuildConfiguration section */

/* Begin XCConfigurationList section */
		88B5B95C1947866000159B24 /* Build configuration list for PBXProject "Pirates Two" */ = {
			isa = XCConfigurationList;
			buildConfigurations = (
				88B5B9911947866000159B24 /* Debug */,
				88B5B9921947866000159B24 /* Release */,
			);
			defaultConfigurationIsVisible = 0;
			defaultConfigurationName = Release;
		};
		88B5B9931947866000159B24 /* Build configuration list for PBXNativeTarget "Pirates Two" */ = {
			isa = XCConfigurationList;
			buildConfigurations = (
				88B5B9941947866000159B24 /* Debug */,
				88B5B9951947866000159B24 /* Release */,
			);
			defaultConfigurationIsVisible = 0;
		};
		88B5B9961947866000159B24 /* Build configuration list for PBXNativeTarget "Pirates TwoTests" */ = {
			isa = XCConfigurationList;
			buildConfigurations = (
				88B5B9971947866000159B24 /* Debug */,
				88B5B9981947866000159B24 /* Release */,
			);
			defaultConfigurationIsVisible = 0;
		};
/* End XCConfigurationList section */
	};
	rootObject = 88B5B9591947866000159B24 /* Project object */;
}
